// !$*UTF8*$!
{
	archiveVersion = 1;
	classes = {
	};
	objectVersion = 46;
	objects = {

/* Begin PBXBuildFile section */
		D9F2E0B51C3BDF30003D64DE /* AppDelegate.swift in Sources */ = {isa = PBXBuildFile; fileRef = D9F2E0B41C3BDF30003D64DE /* AppDelegate.swift */; };
		D9F2E0BA1C3BDF30003D64DE /* Main.storyboard in Resources */ = {isa = PBXBuildFile; fileRef = D9F2E0B81C3BDF30003D64DE /* Main.storyboard */; };
		D9F2E0BD1C3BDF30003D64DE /* Weather_Alert.xcdatamodeld in Sources */ = {isa = PBXBuildFile; fileRef = D9F2E0BB1C3BDF30003D64DE /* Weather_Alert.xcdatamodeld */; };
		D9F2E0BF1C3BDF30003D64DE /* Assets.xcassets in Resources */ = {isa = PBXBuildFile; fileRef = D9F2E0BE1C3BDF30003D64DE /* Assets.xcassets */; };
		D9F2E0C21C3BDF30003D64DE /* LaunchScreen.storyboard in Resources */ = {isa = PBXBuildFile; fileRef = D9F2E0C01C3BDF30003D64DE /* LaunchScreen.storyboard */; };
		D9F2E0CD1C3BDF30003D64DE /* Weather_AlertTests.swift in Sources */ = {isa = PBXBuildFile; fileRef = D9F2E0CC1C3BDF30003D64DE /* Weather_AlertTests.swift */; };
		D9F2E0E21C3BE29F003D64DE /* WeatherLocation+CoreDataProperties.swift in Sources */ = {isa = PBXBuildFile; fileRef = D9F2E0E01C3BE29F003D64DE /* WeatherLocation+CoreDataProperties.swift */; };
		D9F2E0E31C3BE29F003D64DE /* WeatherLocation.swift in Sources */ = {isa = PBXBuildFile; fileRef = D9F2E0E11C3BE29F003D64DE /* WeatherLocation.swift */; };
		D9F2E0E61C3BE2F5003D64DE /* WeatherLocationCollectionViewCell.swift in Sources */ = {isa = PBXBuildFile; fileRef = D9F2E0E41C3BE2F5003D64DE /* WeatherLocationCollectionViewCell.swift */; };
		D9F2E0E71C3BE2F5003D64DE /* WeatherLocationCollectionViewCell.xib in Resources */ = {isa = PBXBuildFile; fileRef = D9F2E0E51C3BE2F5003D64DE /* WeatherLocationCollectionViewCell.xib */; };
		D9F2E0E91C3BE5F8003D64DE /* WeatherLocationsCollectionViewController.swift in Sources */ = {isa = PBXBuildFile; fileRef = D9F2E0E81C3BE5F8003D64DE /* WeatherLocationsCollectionViewController.swift */; };
		D9F2E0EB1C3BE67F003D64DE /* WeatherLocationViewController.swift in Sources */ = {isa = PBXBuildFile; fileRef = D9F2E0EA1C3BE67F003D64DE /* WeatherLocationViewController.swift */; };
		D9F2E0ED1C3BE707003D64DE /* CoreDataManager.swift in Sources */ = {isa = PBXBuildFile; fileRef = D9F2E0EC1C3BE707003D64DE /* CoreDataManager.swift */; };
		D9F2E0F01C3BE9EA003D64DE /* AddNewWeatherLocationCollectionViewCell.swift in Sources */ = {isa = PBXBuildFile; fileRef = D9F2E0EE1C3BE9EA003D64DE /* AddNewWeatherLocationCollectionViewCell.swift */; };
		D9F2E0F11C3BE9EA003D64DE /* AddNewWeatherLocationCollectionViewCell.xib in Resources */ = {isa = PBXBuildFile; fileRef = D9F2E0EF1C3BE9EA003D64DE /* AddNewWeatherLocationCollectionViewCell.xib */; };
		D9F2E0F31C3BEF04003D64DE /* Alamofire.framework in Frameworks */ = {isa = PBXBuildFile; fileRef = D9F2E0F21C3BEF04003D64DE /* Alamofire.framework */; };
		D9F2E0F41C3BEF04003D64DE /* Alamofire.framework in Embed Frameworks */ = {isa = PBXBuildFile; fileRef = D9F2E0F21C3BEF04003D64DE /* Alamofire.framework */; settings = {ATTRIBUTES = (CodeSignOnCopy, RemoveHeadersOnCopy, ); }; };
		D9F2E0F81C3C22BA003D64DE /* AddNewLocationTableViewController.swift in Sources */ = {isa = PBXBuildFile; fileRef = D9F2E0F71C3C22BA003D64DE /* AddNewLocationTableViewController.swift */; };
		D9F2E0FA1C3C30A5003D64DE /* Config.plist in Resources */ = {isa = PBXBuildFile; fileRef = D9F2E0F91C3C30A5003D64DE /* Config.plist */; };
/* End PBXBuildFile section */

/* Begin PBXContainerItemProxy section */
		D9F2E0C91C3BDF30003D64DE /* PBXContainerItemProxy */ = {
			isa = PBXContainerItemProxy;
			containerPortal = D9F2E0A91C3BDF30003D64DE /* Project object */;
			proxyType = 1;
			remoteGlobalIDString = D9F2E0B01C3BDF30003D64DE;
			remoteInfo = "Weather Alert";
		};
/* End PBXContainerItemProxy section */

/* Begin PBXCopyFilesBuildPhase section */
		D9F2E0F51C3BEF04003D64DE /* Embed Frameworks */ = {
			isa = PBXCopyFilesBuildPhase;
			buildActionMask = 2147483647;
			dstPath = "";
			dstSubfolderSpec = 10;
			files = (
				D9F2E0F41C3BEF04003D64DE /* Alamofire.framework in Embed Frameworks */,
			);
			name = "Embed Frameworks";
			runOnlyForDeploymentPostprocessing = 0;
		};
/* End PBXCopyFilesBuildPhase section */

/* Begin PBXFileReference section */
		D9F2E0B11C3BDF30003D64DE /* Weather Alert.app */ = {isa = PBXFileReference; explicitFileType = wrapper.application; includeInIndex = 0; path = "Weather Alert.app"; sourceTree = BUILT_PRODUCTS_DIR; };
		D9F2E0B41C3BDF30003D64DE /* AppDelegate.swift */ = {isa = PBXFileReference; lastKnownFileType = sourcecode.swift; path = AppDelegate.swift; sourceTree = "<group>"; };
		D9F2E0B91C3BDF30003D64DE /* Base */ = {isa = PBXFileReference; lastKnownFileType = file.storyboard; name = Base; path = Base.lproj/Main.storyboard; sourceTree = "<group>"; };
		D9F2E0BC1C3BDF30003D64DE /* Weather_Alert.xcdatamodel */ = {isa = PBXFileReference; lastKnownFileType = wrapper.xcdatamodel; path = Weather_Alert.xcdatamodel; sourceTree = "<group>"; };
		D9F2E0BE1C3BDF30003D64DE /* Assets.xcassets */ = {isa = PBXFileReference; lastKnownFileType = folder.assetcatalog; path = Assets.xcassets; sourceTree = "<group>"; };
		D9F2E0C11C3BDF30003D64DE /* Base */ = {isa = PBXFileReference; lastKnownFileType = file.storyboard; name = Base; path = Base.lproj/LaunchScreen.storyboard; sourceTree = "<group>"; };
		D9F2E0C31C3BDF30003D64DE /* Info.plist */ = {isa = PBXFileReference; lastKnownFileType = text.plist.xml; path = Info.plist; sourceTree = "<group>"; };
		D9F2E0C81C3BDF30003D64DE /* Weather AlertTests.xctest */ = {isa = PBXFileReference; explicitFileType = wrapper.cfbundle; includeInIndex = 0; path = "Weather AlertTests.xctest"; sourceTree = BUILT_PRODUCTS_DIR; };
		D9F2E0CC1C3BDF30003D64DE /* Weather_AlertTests.swift */ = {isa = PBXFileReference; lastKnownFileType = sourcecode.swift; path = Weather_AlertTests.swift; sourceTree = "<group>"; };
		D9F2E0CE1C3BDF30003D64DE /* Info.plist */ = {isa = PBXFileReference; lastKnownFileType = text.plist.xml; path = Info.plist; sourceTree = "<group>"; };
		D9F2E0E01C3BE29F003D64DE /* WeatherLocation+CoreDataProperties.swift */ = {isa = PBXFileReference; fileEncoding = 4; lastKnownFileType = sourcecode.swift; path = "WeatherLocation+CoreDataProperties.swift"; sourceTree = "<group>"; };
		D9F2E0E11C3BE29F003D64DE /* WeatherLocation.swift */ = {isa = PBXFileReference; fileEncoding = 4; lastKnownFileType = sourcecode.swift; path = WeatherLocation.swift; sourceTree = "<group>"; };
		D9F2E0E41C3BE2F5003D64DE /* WeatherLocationCollectionViewCell.swift */ = {isa = PBXFileReference; fileEncoding = 4; lastKnownFileType = sourcecode.swift; path = WeatherLocationCollectionViewCell.swift; sourceTree = "<group>"; };
		D9F2E0E51C3BE2F5003D64DE /* WeatherLocationCollectionViewCell.xib */ = {isa = PBXFileReference; fileEncoding = 4; lastKnownFileType = file.xib; path = WeatherLocationCollectionViewCell.xib; sourceTree = "<group>"; };
		D9F2E0E81C3BE5F8003D64DE /* WeatherLocationsCollectionViewController.swift */ = {isa = PBXFileReference; fileEncoding = 4; lastKnownFileType = sourcecode.swift; path = WeatherLocationsCollectionViewController.swift; sourceTree = "<group>"; };
		D9F2E0EA1C3BE67F003D64DE /* WeatherLocationViewController.swift */ = {isa = PBXFileReference; fileEncoding = 4; lastKnownFileType = sourcecode.swift; path = WeatherLocationViewController.swift; sourceTree = "<group>"; };
		D9F2E0EC1C3BE707003D64DE /* CoreDataManager.swift */ = {isa = PBXFileReference; fileEncoding = 4; lastKnownFileType = sourcecode.swift; path = CoreDataManager.swift; sourceTree = "<group>"; };
		D9F2E0EE1C3BE9EA003D64DE /* AddNewWeatherLocationCollectionViewCell.swift */ = {isa = PBXFileReference; fileEncoding = 4; lastKnownFileType = sourcecode.swift; path = AddNewWeatherLocationCollectionViewCell.swift; sourceTree = "<group>"; };
		D9F2E0EF1C3BE9EA003D64DE /* AddNewWeatherLocationCollectionViewCell.xib */ = {isa = PBXFileReference; fileEncoding = 4; lastKnownFileType = file.xib; path = AddNewWeatherLocationCollectionViewCell.xib; sourceTree = "<group>"; };
		D9F2E0F21C3BEF04003D64DE /* Alamofire.framework */ = {isa = PBXFileReference; lastKnownFileType = wrapper.framework; name = Alamofire.framework; path = Carthage/Build/iOS/Alamofire.framework; sourceTree = "<group>"; };
		D9F2E0F71C3C22BA003D64DE /* AddNewLocationTableViewController.swift */ = {isa = PBXFileReference; fileEncoding = 4; lastKnownFileType = sourcecode.swift; path = AddNewLocationTableViewController.swift; sourceTree = "<group>"; };
		D9F2E0F91C3C30A5003D64DE /* Config.plist */ = {isa = PBXFileReference; fileEncoding = 4; lastKnownFileType = text.plist.xml; path = Config.plist; sourceTree = "<group>"; };
		D9F2E0FB1C3C3388003D64DE /* Weather_Alert 2.xcdatamodel */ = {isa = PBXFileReference; lastKnownFileType = wrapper.xcdatamodel; path = "Weather_Alert 2.xcdatamodel"; sourceTree = "<group>"; };
/* End PBXFileReference section */

/* Begin PBXFrameworksBuildPhase section */
		D9F2E0AE1C3BDF30003D64DE /* Frameworks */ = {
			isa = PBXFrameworksBuildPhase;
			buildActionMask = 2147483647;
			files = (
				D9F2E0F31C3BEF04003D64DE /* Alamofire.framework in Frameworks */,
			);
			runOnlyForDeploymentPostprocessing = 0;
		};
		D9F2E0C51C3BDF30003D64DE /* Frameworks */ = {
			isa = PBXFrameworksBuildPhase;
			buildActionMask = 2147483647;
			files = (
			);
			runOnlyForDeploymentPostprocessing = 0;
		};
/* End PBXFrameworksBuildPhase section */

/* Begin PBXGroup section */
		D9F2E0A81C3BDF30003D64DE = {
			isa = PBXGroup;
			children = (
				D9F2E0B31C3BDF30003D64DE /* Weather Alert */,
				D9F2E0CB1C3BDF30003D64DE /* Weather AlertTests */,
				D9F2E0B21C3BDF30003D64DE /* Products */,
				D9F2E0F61C3BEF0D003D64DE /* Frameworks */,
			);
			sourceTree = "<group>";
		};
		D9F2E0B21C3BDF30003D64DE /* Products */ = {
			isa = PBXGroup;
			children = (
				D9F2E0B11C3BDF30003D64DE /* Weather Alert.app */,
				D9F2E0C81C3BDF30003D64DE /* Weather AlertTests.xctest */,
			);
			name = Products;
			sourceTree = "<group>";
		};
		D9F2E0B31C3BDF30003D64DE /* Weather Alert */ = {
			isa = PBXGroup;
			children = (
				D9F2E0D71C3BE0EF003D64DE /* Models */,
				D9F2E0D81C3BE0F8003D64DE /* Views */,
				D9F2E0D91C3BE0FE003D64DE /* Controllers */,
				D9F2E0B41C3BDF30003D64DE /* AppDelegate.swift */,
				D9F2E0BE1C3BDF30003D64DE /* Assets.xcassets */,
				D9F2E0C31C3BDF30003D64DE /* Info.plist */,
				D9F2E0BB1C3BDF30003D64DE /* Weather_Alert.xcdatamodeld */,
				D9F2E0F91C3C30A5003D64DE /* Config.plist */,
			);
			path = "Weather Alert";
			sourceTree = "<group>";
		};
		D9F2E0CB1C3BDF30003D64DE /* Weather AlertTests */ = {
			isa = PBXGroup;
			children = (
				D9F2E0CC1C3BDF30003D64DE /* Weather_AlertTests.swift */,
				D9F2E0CE1C3BDF30003D64DE /* Info.plist */,
			);
			path = "Weather AlertTests";
			sourceTree = "<group>";
		};
		D9F2E0D71C3BE0EF003D64DE /* Models */ = {
			isa = PBXGroup;
			children = (
				D9F2E0E01C3BE29F003D64DE /* WeatherLocation+CoreDataProperties.swift */,
				D9F2E0E11C3BE29F003D64DE /* WeatherLocation.swift */,
				D9F2E0EC1C3BE707003D64DE /* CoreDataManager.swift */,
			);
			name = Models;
			sourceTree = "<group>";
		};
		D9F2E0D81C3BE0F8003D64DE /* Views */ = {
			isa = PBXGroup;
			children = (
				D9F2E0B81C3BDF30003D64DE /* Main.storyboard */,
				D9F2E0C01C3BDF30003D64DE /* LaunchScreen.storyboard */,
				D9F2E0E51C3BE2F5003D64DE /* WeatherLocationCollectionViewCell.xib */,
				D9F2E0EF1C3BE9EA003D64DE /* AddNewWeatherLocationCollectionViewCell.xib */,
			);
			name = Views;
			sourceTree = "<group>";
		};
		D9F2E0D91C3BE0FE003D64DE /* Controllers */ = {
			isa = PBXGroup;
			children = (
				D9F2E0E41C3BE2F5003D64DE /* WeatherLocationCollectionViewCell.swift */,
				D9F2E0E81C3BE5F8003D64DE /* WeatherLocationsCollectionViewController.swift */,
				D9F2E0EA1C3BE67F003D64DE /* WeatherLocationViewController.swift */,
				D9F2E0EE1C3BE9EA003D64DE /* AddNewWeatherLocationCollectionViewCell.swift */,
				D9F2E0F71C3C22BA003D64DE /* AddNewLocationTableViewController.swift */,
			);
			name = Controllers;
			sourceTree = "<group>";
		};
		D9F2E0F61C3BEF0D003D64DE /* Frameworks */ = {
			isa = PBXGroup;
			children = (
				D9F2E0F21C3BEF04003D64DE /* Alamofire.framework */,
			);
			name = Frameworks;
			sourceTree = "<group>";
		};
/* End PBXGroup section */

/* Begin PBXNativeTarget section */
		D9F2E0B01C3BDF30003D64DE /* Weather Alert */ = {
			isa = PBXNativeTarget;
			buildConfigurationList = D9F2E0D11C3BDF30003D64DE /* Build configuration list for PBXNativeTarget "Weather Alert" */;
			buildPhases = (
				D9F2E0AD1C3BDF30003D64DE /* Sources */,
				D9F2E0AE1C3BDF30003D64DE /* Frameworks */,
				D9F2E0AF1C3BDF30003D64DE /* Resources */,
				D9F2E0F51C3BEF04003D64DE /* Embed Frameworks */,
			);
			buildRules = (
			);
			dependencies = (
			);
			name = "Weather Alert";
			productName = "Weather Alert";
			productReference = D9F2E0B11C3BDF30003D64DE /* Weather Alert.app */;
			productType = "com.apple.product-type.application";
		};
		D9F2E0C71C3BDF30003D64DE /* Weather AlertTests */ = {
			isa = PBXNativeTarget;
			buildConfigurationList = D9F2E0D41C3BDF30003D64DE /* Build configuration list for PBXNativeTarget "Weather AlertTests" */;
			buildPhases = (
				D9F2E0C41C3BDF30003D64DE /* Sources */,
				D9F2E0C51C3BDF30003D64DE /* Frameworks */,
				D9F2E0C61C3BDF30003D64DE /* Resources */,
			);
			buildRules = (
			);
			dependencies = (
				D9F2E0CA1C3BDF30003D64DE /* PBXTargetDependency */,
			);
			name = "Weather AlertTests";
			productName = "Weather AlertTests";
			productReference = D9F2E0C81C3BDF30003D64DE /* Weather AlertTests.xctest */;
			productType = "com.apple.product-type.bundle.unit-test";
		};
/* End PBXNativeTarget section */

/* Begin PBXProject section */
		D9F2E0A91C3BDF30003D64DE /* Project object */ = {
			isa = PBXProject;
			attributes = {
				LastSwiftUpdateCheck = 0720;
				LastUpgradeCheck = 0720;
				ORGANIZATIONNAME = "Yetii Ltd.";
				TargetAttributes = {
					D9F2E0B01C3BDF30003D64DE = {
						CreatedOnToolsVersion = 7.2;
					};
					D9F2E0C71C3BDF30003D64DE = {
						CreatedOnToolsVersion = 7.2;
						TestTargetID = D9F2E0B01C3BDF30003D64DE;
					};
				};
			};
			buildConfigurationList = D9F2E0AC1C3BDF30003D64DE /* Build configuration list for PBXProject "Weather Alert" */;
			compatibilityVersion = "Xcode 3.2";
			developmentRegion = English;
			hasScannedForEncodings = 0;
			knownRegions = (
				en,
				Base,
			);
			mainGroup = D9F2E0A81C3BDF30003D64DE;
			productRefGroup = D9F2E0B21C3BDF30003D64DE /* Products */;
			projectDirPath = "";
			projectRoot = "";
			targets = (
				D9F2E0B01C3BDF30003D64DE /* Weather Alert */,
				D9F2E0C71C3BDF30003D64DE /* Weather AlertTests */,
			);
		};
/* End PBXProject section */

/* Begin PBXResourcesBuildPhase section */
		D9F2E0AF1C3BDF30003D64DE /* Resources */ = {
			isa = PBXResourcesBuildPhase;
			buildActionMask = 2147483647;
			files = (
				D9F2E0C21C3BDF30003D64DE /* LaunchScreen.storyboard in Resources */,
				D9F2E0BF1C3BDF30003D64DE /* Assets.xcassets in Resources */,
				D9F2E0E71C3BE2F5003D64DE /* WeatherLocationCollectionViewCell.xib in Resources */,
				D9F2E0F11C3BE9EA003D64DE /* AddNewWeatherLocationCollectionViewCell.xib in Resources */,
				D9F2E0FA1C3C30A5003D64DE /* Config.plist in Resources */,
				D9F2E0BA1C3BDF30003D64DE /* Main.storyboard in Resources */,
			);
			runOnlyForDeploymentPostprocessing = 0;
		};
		D9F2E0C61C3BDF30003D64DE /* Resources */ = {
			isa = PBXResourcesBuildPhase;
			buildActionMask = 2147483647;
			files = (
			);
			runOnlyForDeploymentPostprocessing = 0;
		};
/* End PBXResourcesBuildPhase section */

/* Begin PBXSourcesBuildPhase section */
		D9F2E0AD1C3BDF30003D64DE /* Sources */ = {
			isa = PBXSourcesBuildPhase;
			buildActionMask = 2147483647;
			files = (
				D9F2E0F01C3BE9EA003D64DE /* AddNewWeatherLocationCollectionViewCell.swift in Sources */,
				D9F2E0EB1C3BE67F003D64DE /* WeatherLocationViewController.swift in Sources */,
				D9F2E0BD1C3BDF30003D64DE /* Weather_Alert.xcdatamodeld in Sources */,
				D9F2E0E21C3BE29F003D64DE /* WeatherLocation+CoreDataProperties.swift in Sources */,
				D9F2E0B51C3BDF30003D64DE /* AppDelegate.swift in Sources */,
				D9F2E0E61C3BE2F5003D64DE /* WeatherLocationCollectionViewCell.swift in Sources */,
				D9F2E0F81C3C22BA003D64DE /* AddNewLocationTableViewController.swift in Sources */,
				D9F2E0E91C3BE5F8003D64DE /* WeatherLocationsCollectionViewController.swift in Sources */,
				D9F2E0ED1C3BE707003D64DE /* CoreDataManager.swift in Sources */,
				D9F2E0E31C3BE29F003D64DE /* WeatherLocation.swift in Sources */,
			);
			runOnlyForDeploymentPostprocessing = 0;
		};
		D9F2E0C41C3BDF30003D64DE /* Sources */ = {
			isa = PBXSourcesBuildPhase;
			buildActionMask = 2147483647;
			files = (
				D9F2E0CD1C3BDF30003D64DE /* Weather_AlertTests.swift in Sources */,
			);
			runOnlyForDeploymentPostprocessing = 0;
		};
/* End PBXSourcesBuildPhase section */

/* Begin PBXTargetDependency section */
		D9F2E0CA1C3BDF30003D64DE /* PBXTargetDependency */ = {
			isa = PBXTargetDependency;
			target = D9F2E0B01C3BDF30003D64DE /* Weather Alert */;
			targetProxy = D9F2E0C91C3BDF30003D64DE /* PBXContainerItemProxy */;
		};
/* End PBXTargetDependency section */

/* Begin PBXVariantGroup section */
		D9F2E0B81C3BDF30003D64DE /* Main.storyboard */ = {
			isa = PBXVariantGroup;
			children = (
				D9F2E0B91C3BDF30003D64DE /* Base */,
			);
			name = Main.storyboard;
			sourceTree = "<group>";
		};
		D9F2E0C01C3BDF30003D64DE /* LaunchScreen.storyboard */ = {
			isa = PBXVariantGroup;
			children = (
				D9F2E0C11C3BDF30003D64DE /* Base */,
			);
			name = LaunchScreen.storyboard;
			sourceTree = "<group>";
		};
/* End PBXVariantGroup section */

/* Begin XCBuildConfiguration section */
		D9F2E0CF1C3BDF30003D64DE /* Debug */ = {
			isa = XCBuildConfiguration;
			buildSettings = {
				ALWAYS_SEARCH_USER_PATHS = NO;
				CLANG_CXX_LANGUAGE_STANDARD = "gnu++0x";
				CLANG_CXX_LIBRARY = "libc++";
				CLANG_ENABLE_MODULES = YES;
				CLANG_ENABLE_OBJC_ARC = YES;
				CLANG_WARN_BOOL_CONVERSION = YES;
				CLANG_WARN_CONSTANT_CONVERSION = YES;
				CLANG_WARN_DIRECT_OBJC_ISA_USAGE = YES_ERROR;
				CLANG_WARN_EMPTY_BODY = YES;
				CLANG_WARN_ENUM_CONVERSION = YES;
				CLANG_WARN_INT_CONVERSION = YES;
				CLANG_WARN_OBJC_ROOT_CLASS = YES_ERROR;
				CLANG_WARN_UNREACHABLE_CODE = YES;
				CLANG_WARN__DUPLICATE_METHOD_MATCH = YES;
				"CODE_SIGN_IDENTITY[sdk=iphoneos*]" = "iPhone Developer";
				COPY_PHASE_STRIP = NO;
				DEBUG_INFORMATION_FORMAT = dwarf;
				ENABLE_STRICT_OBJC_MSGSEND = YES;
				ENABLE_TESTABILITY = YES;
				GCC_C_LANGUAGE_STANDARD = gnu99;
				GCC_DYNAMIC_NO_PIC = NO;
				GCC_NO_COMMON_BLOCKS = YES;
				GCC_OPTIMIZATION_LEVEL = 0;
				GCC_PREPROCESSOR_DEFINITIONS = (
					"DEBUG=1",
					"$(inherited)",
				);
				GCC_WARN_64_TO_32_BIT_CONVERSION = YES;
				GCC_WARN_ABOUT_RETURN_TYPE = YES_ERROR;
				GCC_WARN_UNDECLARED_SELECTOR = YES;
				GCC_WARN_UNINITIALIZED_AUTOS = YES_AGGRESSIVE;
				GCC_WARN_UNUSED_FUNCTION = YES;
				GCC_WARN_UNUSED_VARIABLE = YES;
				IPHONEOS_DEPLOYMENT_TARGET = 8.0;
				MTL_ENABLE_DEBUG_INFO = YES;
				ONLY_ACTIVE_ARCH = YES;
				SDKROOT = iphoneos;
				SWIFT_OPTIMIZATION_LEVEL = "-Onone";
				TARGETED_DEVICE_FAMILY = "1,2";
			};
			name = Debug;
		};
		D9F2E0D01C3BDF30003D64DE /* Release */ = {
			isa = XCBuildConfiguration;
			buildSettings = {
				ALWAYS_SEARCH_USER_PATHS = NO;
				CLANG_CXX_LANGUAGE_STANDARD = "gnu++0x";
				CLANG_CXX_LIBRARY = "libc++";
				CLANG_ENABLE_MODULES = YES;
				CLANG_ENABLE_OBJC_ARC = YES;
				CLANG_WARN_BOOL_CONVERSION = YES;
				CLANG_WARN_CONSTANT_CONVERSION = YES;
				CLANG_WARN_DIRECT_OBJC_ISA_USAGE = YES_ERROR;
				CLANG_WARN_EMPTY_BODY = YES;
				CLANG_WARN_ENUM_CONVERSION = YES;
				CLANG_WARN_INT_CONVERSION = YES;
				CLANG_WARN_OBJC_ROOT_CLASS = YES_ERROR;
				CLANG_WARN_UNREACHABLE_CODE = YES;
				CLANG_WARN__DUPLICATE_METHOD_MATCH = YES;
				"CODE_SIGN_IDENTITY[sdk=iphoneos*]" = "iPhone Developer";
				COPY_PHASE_STRIP = NO;
				DEBUG_INFORMATION_FORMAT = "dwarf-with-dsym";
				ENABLE_NS_ASSERTIONS = NO;
				ENABLE_STRICT_OBJC_MSGSEND = YES;
				GCC_C_LANGUAGE_STANDARD = gnu99;
				GCC_NO_COMMON_BLOCKS = YES;
				GCC_WARN_64_TO_32_BIT_CONVERSION = YES;
				GCC_WARN_ABOUT_RETURN_TYPE = YES_ERROR;
				GCC_WARN_UNDECLARED_SELECTOR = YES;
				GCC_WARN_UNINITIALIZED_AUTOS = YES_AGGRESSIVE;
				GCC_WARN_UNUSED_FUNCTION = YES;
				GCC_WARN_UNUSED_VARIABLE = YES;
				IPHONEOS_DEPLOYMENT_TARGET = 8.0;
				MTL_ENABLE_DEBUG_INFO = NO;
				SDKROOT = iphoneos;
				TARGETED_DEVICE_FAMILY = "1,2";
				VALIDATE_PRODUCT = YES;
			};
			name = Release;
		};
		D9F2E0D21C3BDF30003D64DE /* Debug */ = {
			isa = XCBuildConfiguration;
			buildSettings = {
				ASSETCATALOG_COMPILER_APPICON_NAME = AppIcon;
				FRAMEWORK_SEARCH_PATHS = (
					"$(inherited)",
					"$(PROJECT_DIR)/Carthage/Build/iOS",
				);
				INFOPLIST_FILE = "Weather Alert/Info.plist";
				LD_RUNPATH_SEARCH_PATHS = "$(inherited) @executable_path/Frameworks";
				PRODUCT_BUNDLE_IDENTIFIER = "net.yetii.Weather-Alert";
				PRODUCT_NAME = "$(TARGET_NAME)";
			};
			name = Debug;
		};
		D9F2E0D31C3BDF30003D64DE /* Release */ = {
			isa = XCBuildConfiguration;
			buildSettings = {
				ASSETCATALOG_COMPILER_APPICON_NAME = AppIcon;
				FRAMEWORK_SEARCH_PATHS = (
					"$(inherited)",
					"$(PROJECT_DIR)/Carthage/Build/iOS",
				);
				INFOPLIST_FILE = "Weather Alert/Info.plist";
				LD_RUNPATH_SEARCH_PATHS = "$(inherited) @executable_path/Frameworks";
				PRODUCT_BUNDLE_IDENTIFIER = "net.yetii.Weather-Alert";
				PRODUCT_NAME = "$(TARGET_NAME)";
			};
			name = Release;
		};
		D9F2E0D51C3BDF30003D64DE /* Debug */ = {
			isa = XCBuildConfiguration;
			buildSettings = {
				BUNDLE_LOADER = "$(TEST_HOST)";
				INFOPLIST_FILE = "Weather AlertTests/Info.plist";
				LD_RUNPATH_SEARCH_PATHS = "$(inherited) @executable_path/Frameworks @loader_path/Frameworks";
				PRODUCT_BUNDLE_IDENTIFIER = "net.yetii.Weather-AlertTests";
				PRODUCT_NAME = "$(TARGET_NAME)";
				TEST_HOST = "$(BUILT_PRODUCTS_DIR)/Weather Alert.app/Weather Alert";
			};
			name = Debug;
		};
		D9F2E0D61C3BDF30003D64DE /* Release */ = {
			isa = XCBuildConfiguration;
			buildSettings = {
				BUNDLE_LOADER = "$(TEST_HOST)";
				INFOPLIST_FILE = "Weather AlertTests/Info.plist";
				LD_RUNPATH_SEARCH_PATHS = "$(inherited) @executable_path/Frameworks @loader_path/Frameworks";
				PRODUCT_BUNDLE_IDENTIFIER = "net.yetii.Weather-AlertTests";
				PRODUCT_NAME = "$(TARGET_NAME)";
				TEST_HOST = "$(BUILT_PRODUCTS_DIR)/Weather Alert.app/Weather Alert";
			};
			name = Release;
		};
/* End XCBuildConfiguration section */

/* Begin XCConfigurationList section */
		D9F2E0AC1C3BDF30003D64DE /* Build configuration list for PBXProject "Weather Alert" */ = {
			isa = XCConfigurationList;
			buildConfigurations = (
				D9F2E0CF1C3BDF30003D64DE /* Debug */,
				D9F2E0D01C3BDF30003D64DE /* Release */,
			);
			defaultConfigurationIsVisible = 0;
			defaultConfigurationName = Release;
		};
		D9F2E0D11C3BDF30003D64DE /* Build configuration list for PBXNativeTarget "Weather Alert" */ = {
			isa = XCConfigurationList;
			buildConfigurations = (
				D9F2E0D21C3BDF30003D64DE /* Debug */,
				D9F2E0D31C3BDF30003D64DE /* Release */,
			);
			defaultConfigurationIsVisible = 0;
		};
		D9F2E0D41C3BDF30003D64DE /* Build configuration list for PBXNativeTarget "Weather AlertTests" */ = {
			isa = XCConfigurationList;
			buildConfigurations = (
				D9F2E0D51C3BDF30003D64DE /* Debug */,
				D9F2E0D61C3BDF30003D64DE /* Release */,
			);
			defaultConfigurationIsVisible = 0;
		};
/* End XCConfigurationList section */

/* Begin XCVersionGroup section */
		D9F2E0BB1C3BDF30003D64DE /* Weather_Alert.xcdatamodeld */ = {
			isa = XCVersionGroup;
			children = (
				D9F2E0FB1C3C3388003D64DE /* Weather_Alert 2.xcdatamodel */,
				D9F2E0BC1C3BDF30003D64DE /* Weather_Alert.xcdatamodel */,
			);
			currentVersion = D9F2E0FB1C3C3388003D64DE /* Weather_Alert 2.xcdatamodel */;
			path = Weather_Alert.xcdatamodeld;
			sourceTree = "<group>";
			versionGroupType = wrapper.xcdatamodel;
		};
/* End XCVersionGroup section */
	};
	rootObject = D9F2E0A91C3BDF30003D64DE /* Project object */;
}
